github.com/csunibo/config v0.1.1 h1:oRcc/lT2lxx5ps09ZOxqkkCeizvVfWyJqvSkPz4NduA=
github.com/csunibo/config v0.1.1/go.mod h1:DnpQhVGqGH3ccu+Mdkmg/NdMAcEYv/BEXVTO/lGU+so=
github.com/csunibo/config-parser-go v0.1.2 h1:uXaztk+Jm1b1GuO6Q32pTBRugexTiWr7nCi4+Vj2z7s=
github.com/csunibo/config-parser-go v0.1.2/go.mod h1:jQxbgmjcFAKXxRgXY/DeIudjnahYaT0S0J6v+DV2CPU=
github.com/csunibo/unibo-go v0.0.10 h1:UwFIvTpXMKZCOVoX564RmqQttXTTs5Xz5hCAjun8NFk=
github.com/csunibo/unibo-go v0.0.10/go.mod h1:h2+xnccHa7x48RNB6d07bpHQ01ozw4oihgDOlvVrJ9U=
github.com/davecgh/go-spew v1.1.1 h1:vj9j/u1bqnvCEfJOwUhtlOARqs3+rkHYY13jYWTU97c=
github.com/davecgh/go-spew v1.1.1/go.mod h1:J7Y8YcW2NihsgmVo/mv3lAwl/skON4iLHjSsI+c5H38=
github.com/mitchellh/mapstructure v1.5.0 h1:jeMsZIYE/09sWLaz43PL7Gy6RuMjD2eJVyuac5Z2hdY=
github.com/mitchellh/mapstructure v1.5.0/go.mod h1:bFUtVrKA4DC2yAKiSyO/QUcy7e+RRV2QTWOzhPopBRo=
github.com/pmezard/go-difflib v1.0.0 h1:4DBwDE0NGyQoBHbLQYPwSUPoCMWR5BEzIk/f1lZbAQM=
github.com/pmezard/go-difflib v1.0.0/go.mod h1:iKH77koFhYxTK1pcRnkKkqfTogsbg7gZNVY4sRDYZ/4=
github.com/samuelemusiani/telegram-bot-api v0.0.6 h1:OH7/qXD4E/wDzd6UcNOJZgw9GWthUKRB33ob1PSWnGI=
github.com/samuelemusiani/telegram-bot-api v0.0.6/go.mod h1:/Sagg9PoVMvfJeQ4Dh4sasKOCRC1xsZJ2Kx9C/BSjW8=
github.com/stretchr/testify v1.9.0 h1:HtqpIVDClZ4nwg75+f6Lvsy/wHu+3BoSGCbBAcpTsTg=
github.com/stretchr/testify v1.9.0/go.mod h1:r2ic/lqez/lEtzL7wO/rwa5dbSLXVDPFyf8C91i36aY=
golang.org/x/exp v0.0.0-20231127185646-65229373498e h1:Gvh4YaCaXNs6dKTlfgismwWZKyjVZXwOPfIyUaqU3No=
golang.org/x/exp v0.0.0-20231127185646-65229373498e/go.mod h1:iRJReGqOEeBhDZGkGbynYwcHlctCvnjTYIamk7uXpHI=
golang.org/x/text v0.16.0 h1:a94ExnEXNtEwYLGJSIUxnWoxoRz/ZcCsV63ROupILh4=
golang.org/x/text v0.16.0/go.mod h1:GhwF1Be+LQoKShO3cGOHzqOgRrGaYc9AvblQOmPVHnI=
gopkg.in/yaml.v3 v3.0.1 h1:fxVm/GzAzEWqLHuvctI91KS9hhNmmWOoWu0XTYJS7CA=
gopkg.in/yaml.v3 v3.0.1/go.mod h1:K4uyk7z7BCEPqu6E+C64Yfv1cQ7kz7rIZviUmN+EgEM=
